
Microsoft Visual Studio Solution File, Format Version 12.00
# Visual Studio Version 17
VisualStudioVersion = 17.5.002.0
MinimumVisualStudioVersion = 10.0.40219.1
Project("{9A19103F-16F7-4668-BE54-9A1E7A4F7556}") = "postgres", "postgres.csproj", "{A784040A-51FD-490F-A58D-A8CE2FCDA4FB}"
EndProject
Global
	GlobalSection(SolutionConfigurationPlatforms) = preSolution
		Debug|Any CPU = Debug|Any CPU
		Release|Any CPU = Release|Any CPU
	EndGlobalSection
	GlobalSection(ProjectConfigurationPlatforms) = postSolution
		{A784040A-51FD-490F-A58D-A8CE2FCDA4FB}.Debug|Any CPU.ActiveCfg = Debug|Any CPU
		{A784040A-51FD-490F-A58D-A8CE2FCDA4FB}.Debug|Any CPU.Build.0 = Debug|Any CPU
		{A784040A-51FD-490F-A58D-A8CE2FCDA4FB}.Release|Any CPU.ActiveCfg = Release|Any CPU
		{A784040A-51FD-490F-A58D-A8CE2FCDA4FB}.Release|Any CPU.Build.0 = Release|Any CPU
	EndGlobalSection
	GlobalSection(SolutionProperties) = preSolution
		HideSolutionNode = FALSE
	EndGlobalSection
	GlobalSection(ExtensibilityGlobals) = postSolution
		SolutionGuid = {0B875851-7906-4BF1-986A-41700B9C9E35}
	EndGlobalSection
EndGlobal
